
Microsoft Visual Studio Solution File, Format Version 11.00
# Visual Studio 2010
Project("{2150E333-8FDC-42A3-9474-1A3956D46DE8}") = "Android", "Android", "{19100C40-97FA-40EE-AEDD-3350A77C58CE}"
EndProject
Project("{FAE04EC0-301F-11D3-BF4B-00C04F79EFBC}") = "PabloDraw.Android", "PabloDraw.Android\PabloDraw.Android.csproj", "{BCC78C76-31FA-445B-BBF0-8161F4A8CD8F}"
EndProject
Global
	GlobalSection(SolutionConfigurationPlatforms) = preSolution
		Release|Any CPU = Release|Any CPU
		Debug|Any CPU = Debug|Any CPU
		Debug|iPhoneSimulator = Debug|iPhoneSimulator
		Release|iPhoneSimulator = Release|iPhoneSimulator
		Debug|iPhone = Debug|iPhone
		Release|iPhone = Release|iPhone
	EndGlobalSection
	GlobalSection(ProjectConfigurationPlatforms) = postSolution
		{BCC78C76-31FA-445B-BBF0-8161F4A8CD8F}.Debug|Any CPU.ActiveCfg = Debug|Any CPU
		{BCC78C76-31FA-445B-BBF0-8161F4A8CD8F}.Debug|Any CPU.Build.0 = Debug|Any CPU
		{BCC78C76-31FA-445B-BBF0-8161F4A8CD8F}.Debug|iPhone.ActiveCfg = Debug|Any CPU
		{BCC78C76-31FA-445B-BBF0-8161F4A8CD8F}.Debug|iPhoneSimulator.ActiveCfg = Debug|Any CPU
		{BCC78C76-31FA-445B-BBF0-8161F4A8CD8F}.Release|Any CPU.ActiveCfg = Release|Any CPU
		{BCC78C76-31FA-445B-BBF0-8161F4A8CD8F}.Release|iPhone.ActiveCfg = Release|Any CPU
		{BCC78C76-31FA-445B-BBF0-8161F4A8CD8F}.Release|iPhoneSimulator.ActiveCfg = Release|Any CPU
	EndGlobalSection
	GlobalSection(NestedProjects) = preSolution
		{BCC78C76-31FA-445B-BBF0-8161F4A8CD8F} = {19100C40-97FA-40EE-AEDD-3350A77C58CE}
	EndGlobalSection
	GlobalSection(MonoDevelopProperties) = preSolution
		StartupItem = PabloDraw.Android\PabloDraw.Android.csproj
		Policies = $0
		$0.DotNetNamingPolicy = $1
		$1.DirectoryNamespaceAssociation = PrefixedHierarchical
		$1.ResourceNamePolicy = MSBuild
		$0.StandardHeader = $2
		$2.Text = 
		$2.IncludeInNewFiles = True
		$0.VersionControlPolicy = $3
		$3.inheritsSet = Mono
		$0.ChangeLogPolicy = $4
		$4.UpdateMode = None
		$4.MessageStyle = $5
		$5.LineAlign = 0
		$4.inheritsSet = Mono
		$0.TextStylePolicy = $6
		$6.FileWidth = 100
		$6.TabWidth = 4
		$6.inheritsSet = Mono
		$6.inheritsScope = text/plain
		$6.scope = text/x-csharp
		$0.CSharpFormattingPolicy = $7
		$7.inheritsSet = Mono
		$7.inheritsScope = text/x-csharp
		$7.scope = text/x-csharp
		$0.TextStylePolicy = $8
		$8.FileWidth = 100
		$8.TabWidth = 4
		$8.inheritsSet = Mono
		$8.inheritsScope = text/plain
		$8.scope = text/plain
		$0.TextStylePolicy = $9
		$9.inheritsSet = null
		$9.scope = application/xml
		$0.XmlFormattingPolicy = $10
		$10.inheritsSet = Mono
		$10.inheritsScope = application/xml
		$10.scope = application/xml
		version = 
	EndGlobalSection
  GlobalSection(ProjectDependencies) = postSolution
    ({DE45EBC6-B4D3-4FA6-A190-2676E05303DA}).4 = ({4693F2CD-9A45-4821-8136-503D118F6647})
    ({DE45EBC6-B4D3-4FA6-A190-2676E05303DA}).5 = ({3FA6ADED-466C-4AFE-B366-63686C54DB3B})
    ({DE45EBC6-B4D3-4FA6-A190-2676E05303DA}).6 = ({35DBE6BB-B46D-4AE9-8156-FBFC6EC2BB69})
    ({9A72B697-8DA3-4A52-9E6B-05DEEEA23AD2}).2 = ({4693F2CD-9A45-4821-8136-503D118F6647})
    ({9A72B697-8DA3-4A52-9E6B-05DEEEA23AD2}).3 = ({1FF7BE58-A6A2-4132-8CAF-AA2EF18122A1})
    ({9A72B697-8DA3-4A52-9E6B-05DEEEA23AD2}).4 = ({3FA6ADED-466C-4AFE-B366-63686C54DB3B})
    ({9A72B697-8DA3-4A52-9E6B-05DEEEA23AD2}).5 = ({35DBE6BB-B46D-4AE9-8156-FBFC6EC2BB69})
    ({3FA6ADED-466C-4AFE-B366-63686C54DB3B}).5 = ({4693F2CD-9A45-4821-8136-503D118F6647})
    ({35DBE6BB-B46D-4AE9-8156-FBFC6EC2BB69}).4 = ({4693F2CD-9A45-4821-8136-503D118F6647})
    ({1FF7BE58-A6A2-4132-8CAF-AA2EF18122A1}).9 = ({4693F2CD-9A45-4821-8136-503D118F6647})
  EndGlobalSection
  GlobalSection(SolutionProperties) = preSolution
    HideSolutionNode = FALSE
  EndGlobalSection
EndGlobal
