
Microsoft Visual Studio Solution File, Format Version 12.00
# Visual Studio Version 16
VisualStudioVersion = 16.0.29424.173
MinimumVisualStudioVersion = 10.0.40219.1
Project("{9A19103F-16F7-4668-BE54-9A1E7A4F7556}") = "PabloDraw", "PabloDraw\PabloDraw.csproj", "{9A72B697-8DA3-4A52-9E6B-05DEEEA23AD2}"
EndProject
Project("{9A19103F-16F7-4668-BE54-9A1E7A4F7556}") = "Pablo", "Pablo\Pablo.csproj", "{35DBE6BB-B46D-4AE9-8156-FBFC6EC2BB69}"
EndProject
Project("{9A19103F-16F7-4668-BE54-9A1E7A4F7556}") = "Pablo.Interface", "Pablo.Interface\Pablo.Interface.csproj", "{3FAACC7E-D156-4599-B0D1-6177AD78E8B1}"
EndProject
Project("{9A19103F-16F7-4668-BE54-9A1E7A4F7556}") = "PabloDraw.Console", "PabloDraw.Console\PabloDraw.Console.csproj", "{0457895A-719B-47E9-84F3-356B2A1F8D3C}"
EndProject
Project("{2150E333-8FDC-42A3-9474-1A3956D46DE8}") = "Solution Items", "Solution Items", "{88CCB819-8E11-429C-94D7-D5A27A671129}"
	ProjectSection(SolutionItems) = preProject
		Directory.Build.props = Directory.Build.props
		Directory.Build.targets = Directory.Build.targets
		EmbedReferences.targets = EmbedReferences.targets
	EndProjectSection
EndProject
Project("{930C7802-8A8C-48F9-8165-68863BCCD9DD}") = "PabloDraw.WindowsInstaller", "PabloDraw.WindowsInstaller\PabloDraw.WindowsInstaller.wixproj", "{38A42F6D-A417-45B0-8EC8-A700F31CBE26}"
EndProject
Global
	GlobalSection(SolutionConfigurationPlatforms) = preSolution
		Debug|Any CPU = Debug|Any CPU
		Debug|Mac = Debug|Mac
		Release|Any CPU = Release|Any CPU
		Release|Mac = Release|Mac
	EndGlobalSection
	GlobalSection(ProjectConfigurationPlatforms) = postSolution
		{9A72B697-8DA3-4A52-9E6B-05DEEEA23AD2}.Debug|Any CPU.ActiveCfg = Debug|Any CPU
		{9A72B697-8DA3-4A52-9E6B-05DEEEA23AD2}.Debug|Any CPU.Build.0 = Debug|Any CPU
		{9A72B697-8DA3-4A52-9E6B-05DEEEA23AD2}.Debug|Mac.ActiveCfg = Debug|Any CPU
		{9A72B697-8DA3-4A52-9E6B-05DEEEA23AD2}.Debug|Mac.Build.0 = Debug|Any CPU
		{9A72B697-8DA3-4A52-9E6B-05DEEEA23AD2}.Release|Any CPU.ActiveCfg = Release|Any CPU
		{9A72B697-8DA3-4A52-9E6B-05DEEEA23AD2}.Release|Any CPU.Build.0 = Release|Any CPU
		{9A72B697-8DA3-4A52-9E6B-05DEEEA23AD2}.Release|Mac.ActiveCfg = Release|Any CPU
		{9A72B697-8DA3-4A52-9E6B-05DEEEA23AD2}.Release|Mac.Build.0 = Release|Any CPU
		{35DBE6BB-B46D-4AE9-8156-FBFC6EC2BB69}.Debug|Any CPU.ActiveCfg = Debug|Any CPU
		{35DBE6BB-B46D-4AE9-8156-FBFC6EC2BB69}.Debug|Any CPU.Build.0 = Debug|Any CPU
		{35DBE6BB-B46D-4AE9-8156-FBFC6EC2BB69}.Debug|Mac.ActiveCfg = Debug|Any CPU
		{35DBE6BB-B46D-4AE9-8156-FBFC6EC2BB69}.Debug|Mac.Build.0 = Debug|Any CPU
		{35DBE6BB-B46D-4AE9-8156-FBFC6EC2BB69}.Release|Any CPU.ActiveCfg = Release|Any CPU
		{35DBE6BB-B46D-4AE9-8156-FBFC6EC2BB69}.Release|Any CPU.Build.0 = Release|Any CPU
		{35DBE6BB-B46D-4AE9-8156-FBFC6EC2BB69}.Release|Mac.ActiveCfg = Release|Any CPU
		{35DBE6BB-B46D-4AE9-8156-FBFC6EC2BB69}.Release|Mac.Build.0 = Release|Any CPU
		{3FAACC7E-D156-4599-B0D1-6177AD78E8B1}.Debug|Any CPU.ActiveCfg = Debug|Any CPU
		{3FAACC7E-D156-4599-B0D1-6177AD78E8B1}.Debug|Any CPU.Build.0 = Debug|Any CPU
		{3FAACC7E-D156-4599-B0D1-6177AD78E8B1}.Debug|Mac.ActiveCfg = Debug|Any CPU
		{3FAACC7E-D156-4599-B0D1-6177AD78E8B1}.Debug|Mac.Build.0 = Debug|Any CPU
		{3FAACC7E-D156-4599-B0D1-6177AD78E8B1}.Release|Any CPU.ActiveCfg = Release|Any CPU
		{3FAACC7E-D156-4599-B0D1-6177AD78E8B1}.Release|Any CPU.Build.0 = Release|Any CPU
		{3FAACC7E-D156-4599-B0D1-6177AD78E8B1}.Release|Mac.ActiveCfg = Release|Any CPU
		{3FAACC7E-D156-4599-B0D1-6177AD78E8B1}.Release|Mac.Build.0 = Release|Any CPU
		{0457895A-719B-47E9-84F3-356B2A1F8D3C}.Debug|Any CPU.ActiveCfg = Debug|Any CPU
		{0457895A-719B-47E9-84F3-356B2A1F8D3C}.Debug|Any CPU.Build.0 = Debug|Any CPU
		{0457895A-719B-47E9-84F3-356B2A1F8D3C}.Debug|Mac.ActiveCfg = Debug|Any CPU
		{0457895A-719B-47E9-84F3-356B2A1F8D3C}.Debug|Mac.Build.0 = Debug|Any CPU
		{0457895A-719B-47E9-84F3-356B2A1F8D3C}.Release|Any CPU.ActiveCfg = Release|Any CPU
		{0457895A-719B-47E9-84F3-356B2A1F8D3C}.Release|Any CPU.Build.0 = Release|Any CPU
		{0457895A-719B-47E9-84F3-356B2A1F8D3C}.Release|Mac.ActiveCfg = Release|Any CPU
		{0457895A-719B-47E9-84F3-356B2A1F8D3C}.Release|Mac.Build.0 = Release|Any CPU
		{38A42F6D-A417-45B0-8EC8-A700F31CBE26}.Debug|Any CPU.ActiveCfg = Debug|x86
		{38A42F6D-A417-45B0-8EC8-A700F31CBE26}.Debug|Mac.ActiveCfg = Debug|x86
		{38A42F6D-A417-45B0-8EC8-A700F31CBE26}.Release|Any CPU.ActiveCfg = Release|x86
		{38A42F6D-A417-45B0-8EC8-A700F31CBE26}.Release|Any CPU.Build.0 = Release|x86
		{38A42F6D-A417-45B0-8EC8-A700F31CBE26}.Release|Mac.ActiveCfg = Release|x86
	EndGlobalSection
	GlobalSection(SolutionProperties) = preSolution
		HideSolutionNode = FALSE
	EndGlobalSection
	GlobalSection(ExtensibilityGlobals) = postSolution
		SolutionGuid = {8F8DD3BA-3F1A-4B83-87FD-07C1D69CB86C}
	EndGlobalSection
	GlobalSection(Performance) = preSolution
		HasPerformanceSessions = true
	EndGlobalSection
EndGlobal
