
Microsoft Visual Studio Solution File, Format Version 12.00
# Visual Studio 2012
VisualStudioVersion = 12.0.31101.0
MinimumVisualStudioVersion = 10.0.40219.1
Project("{FAE04EC0-301F-11D3-BF4B-00C04F79EFBC}") = "Pablo", "Pablo\Pablo.csproj", "{35DBE6BB-B46D-4AE9-8156-FBFC6EC2BB69}"
EndProject
Project("{FAE04EC0-301F-11D3-BF4B-00C04F79EFBC}") = "Pablo.Interface", "Pablo.Interface\Pablo.Interface.csproj", "{3FAACC7E-D156-4599-B0D1-6177AD78E8B1}"
EndProject
Project("{FAE04EC0-301F-11D3-BF4B-00C04F79EFBC}") = "PabloDraw", "PabloDraw\PabloDraw.csproj", "{9A72B697-8DA3-4A52-9E6B-05DEEEA23AD2}"
EndProject
Project("{FAE04EC0-301F-11D3-BF4B-00C04F79EFBC}") = "Mono.Nat", "..\Libraries\Mono.Nat\src\Mono.Nat\Mono.Nat.csproj", "{F5D74163-145F-47BF-83DC-D0E07249C6CA}"
EndProject
Project("{FAE04EC0-301F-11D3-BF4B-00C04F79EFBC}") = "PabloDraw.Mac", "PabloDraw.Mac\PabloDraw.Mac.csproj", "{90B2D03E-7B1D-4C1F-8ADB-664F980C2A32}"
EndProject
Project("{FAE04EC0-301F-11D3-BF4B-00C04F79EFBC}") = "PabloDraw.Console", "PabloDraw.Console\PabloDraw.Console.csproj", "{0457895A-719B-47E9-84F3-356B2A1F8D3C}"
EndProject
Project("{2150E333-8FDC-42A3-9474-1A3956D46DE8}") = "Eto", "Eto", "{C8B59D00-6086-492E-9112-3DA8E5025FBB}"
EndProject
Project("{FAE04EC0-301F-11D3-BF4B-00C04F79EFBC}") = "Eto - pcl", "..\Libraries\Eto\Source\Eto\Eto - pcl.csproj", "{35EF0A4E-2A1A-492C-8BED-106774EA09F2}"
EndProject
Project("{FAE04EC0-301F-11D3-BF4B-00C04F79EFBC}") = "Eto.Direct2D - net45", "..\Libraries\Eto\Source\Eto.Direct2D\Eto.Direct2D - net45.csproj", "{330EF9FD-5947-4AC9-9796-950C7633695F}"
EndProject
Project("{FAE04EC0-301F-11D3-BF4B-00C04F79EFBC}") = "Eto.Gtk2 - net45", "..\Libraries\Eto\Source\Eto.Gtk\Eto.Gtk2 - net45.csproj", "{80915A80-CA54-11E3-9C1A-0800200C9A66}"
EndProject
Project("{FAE04EC0-301F-11D3-BF4B-00C04F79EFBC}") = "Eto.Gtk3 - net45", "..\Libraries\Eto\Source\Eto.Gtk\Eto.Gtk3 - net45.csproj", "{543B2F90-CA56-11E3-9C1A-0800200C9A66}"
EndProject
Project("{FAE04EC0-301F-11D3-BF4B-00C04F79EFBC}") = "Eto.WinForms - net45", "..\Libraries\Eto\Source\Eto.WinForms\Eto.WinForms - net45.csproj", "{9F51798A-354C-47A1-9207-4BB7D7FC7FC4}"
EndProject
Project("{FAE04EC0-301F-11D3-BF4B-00C04F79EFBC}") = "Eto.Wpf - net45", "..\Libraries\Eto\Source\Eto.Wpf\Eto.Wpf - net45.csproj", "{63137FA0-CA55-11E3-9C1A-0800200C9A66}"
EndProject
Project("{FAE04EC0-301F-11D3-BF4B-00C04F79EFBC}") = "Eto.XamMac - net45", "..\Libraries\Eto\Source\Eto.Mac\Eto.XamMac - net45.csproj", "{BF405A10-C9EB-11E3-9C1A-0800200C9A66}"
EndProject
Project("{2150E333-8FDC-42A3-9474-1A3956D46DE8}") = "Solution Items", "Solution Items", "{88CCB819-8E11-429C-94D7-D5A27A671129}"
	ProjectSection(SolutionItems) = preProject
		Pablo Desktop.sln = Pablo Desktop.sln
		Performance1.psess = Performance1.psess
	EndProjectSection
EndProject
Project("{FAE04EC0-301F-11D3-BF4B-00C04F79EFBC}") = "Lidgren.Network", "..\Libraries\lidgren\Lidgren.Network\Lidgren.Network.csproj", "{49BA1C69-6104-41AC-A5D8-B54FA9F696E8}"
EndProject
Project("{FAE04EC0-301F-11D3-BF4B-00C04F79EFBC}") = "Eto.XamMac2 - net45", "..\Libraries\Eto\Source\Eto.Mac\Eto.XamMac2 - net45.csproj", "{856E8C70-2702-11E4-8C21-0800200C9A66}"
EndProject
Global
	GlobalSection(SolutionConfigurationPlatforms) = preSolution
		AppStore|Any CPU = AppStore|Any CPU
		Debug|Any CPU = Debug|Any CPU
		Mac App Store|Any CPU = Mac App Store|Any CPU
		Mac Debug|Any CPU = Mac Debug|Any CPU
		Mac Developer|Any CPU = Mac Developer|Any CPU
		Mac Release|Any CPU = Mac Release|Any CPU
		Release|Any CPU = Release|Any CPU
		Win Debug|Any CPU = Win Debug|Any CPU
		Win Release|Any CPU = Win Release|Any CPU
	EndGlobalSection
	GlobalSection(ProjectConfigurationPlatforms) = postSolution
		{0457895A-719B-47E9-84F3-356B2A1F8D3C}.AppStore|Any CPU.ActiveCfg = Debug|Any CPU
		{0457895A-719B-47E9-84F3-356B2A1F8D3C}.AppStore|Any CPU.Build.0 = Debug|Any CPU
		{0457895A-719B-47E9-84F3-356B2A1F8D3C}.Debug|Any CPU.ActiveCfg = Debug|Any CPU
		{0457895A-719B-47E9-84F3-356B2A1F8D3C}.Debug|Any CPU.Build.0 = Debug|Any CPU
		{0457895A-719B-47E9-84F3-356B2A1F8D3C}.Mac App Store|Any CPU.ActiveCfg = Release|Any CPU
		{0457895A-719B-47E9-84F3-356B2A1F8D3C}.Mac App Store|Any CPU.Build.0 = Release|Any CPU
		{0457895A-719B-47E9-84F3-356B2A1F8D3C}.Mac Debug|Any CPU.ActiveCfg = Debug|Any CPU
		{0457895A-719B-47E9-84F3-356B2A1F8D3C}.Mac Debug|Any CPU.Build.0 = Debug|Any CPU
		{0457895A-719B-47E9-84F3-356B2A1F8D3C}.Mac Developer|Any CPU.ActiveCfg = Release|Any CPU
		{0457895A-719B-47E9-84F3-356B2A1F8D3C}.Mac Developer|Any CPU.Build.0 = Release|Any CPU
		{0457895A-719B-47E9-84F3-356B2A1F8D3C}.Mac Release|Any CPU.ActiveCfg = Release|Any CPU
		{0457895A-719B-47E9-84F3-356B2A1F8D3C}.Mac Release|Any CPU.Build.0 = Release|Any CPU
		{0457895A-719B-47E9-84F3-356B2A1F8D3C}.Release|Any CPU.ActiveCfg = Release|Any CPU
		{0457895A-719B-47E9-84F3-356B2A1F8D3C}.Release|Any CPU.Build.0 = Release|Any CPU
		{0457895A-719B-47E9-84F3-356B2A1F8D3C}.Win Debug|Any CPU.ActiveCfg = Debug|Any CPU
		{0457895A-719B-47E9-84F3-356B2A1F8D3C}.Win Debug|Any CPU.Build.0 = Debug|Any CPU
		{0457895A-719B-47E9-84F3-356B2A1F8D3C}.Win Release|Any CPU.ActiveCfg = Release|Any CPU
		{0457895A-719B-47E9-84F3-356B2A1F8D3C}.Win Release|Any CPU.Build.0 = Release|Any CPU
		{330EF9FD-5947-4AC9-9796-950C7633695F}.AppStore|Any CPU.ActiveCfg = Release|Any CPU
		{330EF9FD-5947-4AC9-9796-950C7633695F}.AppStore|Any CPU.Build.0 = Release|Any CPU
		{330EF9FD-5947-4AC9-9796-950C7633695F}.Debug|Any CPU.ActiveCfg = Debug|Any CPU
		{330EF9FD-5947-4AC9-9796-950C7633695F}.Debug|Any CPU.Build.0 = Debug|Any CPU
		{330EF9FD-5947-4AC9-9796-950C7633695F}.Mac App Store|Any CPU.ActiveCfg = Release|Any CPU
		{330EF9FD-5947-4AC9-9796-950C7633695F}.Mac App Store|Any CPU.Build.0 = Release|Any CPU
		{330EF9FD-5947-4AC9-9796-950C7633695F}.Mac Debug|Any CPU.ActiveCfg = Debug|Any CPU
		{330EF9FD-5947-4AC9-9796-950C7633695F}.Mac Debug|Any CPU.Build.0 = Debug|Any CPU
		{330EF9FD-5947-4AC9-9796-950C7633695F}.Mac Developer|Any CPU.ActiveCfg = Release|Any CPU
		{330EF9FD-5947-4AC9-9796-950C7633695F}.Mac Developer|Any CPU.Build.0 = Release|Any CPU
		{330EF9FD-5947-4AC9-9796-950C7633695F}.Mac Release|Any CPU.ActiveCfg = Release|Any CPU
		{330EF9FD-5947-4AC9-9796-950C7633695F}.Mac Release|Any CPU.Build.0 = Release|Any CPU
		{330EF9FD-5947-4AC9-9796-950C7633695F}.Release|Any CPU.ActiveCfg = Release|Any CPU
		{330EF9FD-5947-4AC9-9796-950C7633695F}.Release|Any CPU.Build.0 = Release|Any CPU
		{330EF9FD-5947-4AC9-9796-950C7633695F}.Win Debug|Any CPU.ActiveCfg = Debug|Any CPU
		{330EF9FD-5947-4AC9-9796-950C7633695F}.Win Debug|Any CPU.Build.0 = Debug|Any CPU
		{330EF9FD-5947-4AC9-9796-950C7633695F}.Win Release|Any CPU.ActiveCfg = Release|Any CPU
		{330EF9FD-5947-4AC9-9796-950C7633695F}.Win Release|Any CPU.Build.0 = Release|Any CPU
		{35DBE6BB-B46D-4AE9-8156-FBFC6EC2BB69}.AppStore|Any CPU.ActiveCfg = Release|Any CPU
		{35DBE6BB-B46D-4AE9-8156-FBFC6EC2BB69}.AppStore|Any CPU.Build.0 = Release|Any CPU
		{35DBE6BB-B46D-4AE9-8156-FBFC6EC2BB69}.Debug|Any CPU.ActiveCfg = Debug|Any CPU
		{35DBE6BB-B46D-4AE9-8156-FBFC6EC2BB69}.Debug|Any CPU.Build.0 = Debug|Any CPU
		{35DBE6BB-B46D-4AE9-8156-FBFC6EC2BB69}.Mac App Store|Any CPU.ActiveCfg = Release-MAS|Any CPU
		{35DBE6BB-B46D-4AE9-8156-FBFC6EC2BB69}.Mac App Store|Any CPU.Build.0 = Release-MAS|Any CPU
		{35DBE6BB-B46D-4AE9-8156-FBFC6EC2BB69}.Mac Debug|Any CPU.ActiveCfg = Debug|Any CPU
		{35DBE6BB-B46D-4AE9-8156-FBFC6EC2BB69}.Mac Debug|Any CPU.Build.0 = Debug|Any CPU
		{35DBE6BB-B46D-4AE9-8156-FBFC6EC2BB69}.Mac Developer|Any CPU.ActiveCfg = Release|Any CPU
		{35DBE6BB-B46D-4AE9-8156-FBFC6EC2BB69}.Mac Developer|Any CPU.Build.0 = Release|Any CPU
		{35DBE6BB-B46D-4AE9-8156-FBFC6EC2BB69}.Mac Release|Any CPU.ActiveCfg = Release|Any CPU
		{35DBE6BB-B46D-4AE9-8156-FBFC6EC2BB69}.Mac Release|Any CPU.Build.0 = Release|Any CPU
		{35DBE6BB-B46D-4AE9-8156-FBFC6EC2BB69}.Release|Any CPU.ActiveCfg = Release|Any CPU
		{35DBE6BB-B46D-4AE9-8156-FBFC6EC2BB69}.Release|Any CPU.Build.0 = Release|Any CPU
		{35DBE6BB-B46D-4AE9-8156-FBFC6EC2BB69}.Win Debug|Any CPU.ActiveCfg = Debug|Any CPU
		{35DBE6BB-B46D-4AE9-8156-FBFC6EC2BB69}.Win Debug|Any CPU.Build.0 = Debug|Any CPU
		{35DBE6BB-B46D-4AE9-8156-FBFC6EC2BB69}.Win Release|Any CPU.ActiveCfg = Release|Any CPU
		{35DBE6BB-B46D-4AE9-8156-FBFC6EC2BB69}.Win Release|Any CPU.Build.0 = Release|Any CPU
		{35EF0A4E-2A1A-492C-8BED-106774EA09F2}.AppStore|Any CPU.ActiveCfg = Release|Any CPU
		{35EF0A4E-2A1A-492C-8BED-106774EA09F2}.AppStore|Any CPU.Build.0 = Release|Any CPU
		{35EF0A4E-2A1A-492C-8BED-106774EA09F2}.Debug|Any CPU.ActiveCfg = Debug|Any CPU
		{35EF0A4E-2A1A-492C-8BED-106774EA09F2}.Debug|Any CPU.Build.0 = Debug|Any CPU
		{35EF0A4E-2A1A-492C-8BED-106774EA09F2}.Mac App Store|Any CPU.ActiveCfg = Release|Any CPU
		{35EF0A4E-2A1A-492C-8BED-106774EA09F2}.Mac App Store|Any CPU.Build.0 = Release|Any CPU
		{35EF0A4E-2A1A-492C-8BED-106774EA09F2}.Mac Debug|Any CPU.ActiveCfg = Debug|Any CPU
		{35EF0A4E-2A1A-492C-8BED-106774EA09F2}.Mac Debug|Any CPU.Build.0 = Debug|Any CPU
		{35EF0A4E-2A1A-492C-8BED-106774EA09F2}.Mac Developer|Any CPU.ActiveCfg = Release|Any CPU
		{35EF0A4E-2A1A-492C-8BED-106774EA09F2}.Mac Developer|Any CPU.Build.0 = Release|Any CPU
		{35EF0A4E-2A1A-492C-8BED-106774EA09F2}.Mac Release|Any CPU.ActiveCfg = Release|Any CPU
		{35EF0A4E-2A1A-492C-8BED-106774EA09F2}.Mac Release|Any CPU.Build.0 = Release|Any CPU
		{35EF0A4E-2A1A-492C-8BED-106774EA09F2}.Release|Any CPU.ActiveCfg = Release|Any CPU
		{35EF0A4E-2A1A-492C-8BED-106774EA09F2}.Release|Any CPU.Build.0 = Release|Any CPU
		{35EF0A4E-2A1A-492C-8BED-106774EA09F2}.Win Debug|Any CPU.ActiveCfg = Debug|Any CPU
		{35EF0A4E-2A1A-492C-8BED-106774EA09F2}.Win Debug|Any CPU.Build.0 = Debug|Any CPU
		{35EF0A4E-2A1A-492C-8BED-106774EA09F2}.Win Release|Any CPU.ActiveCfg = Release|Any CPU
		{35EF0A4E-2A1A-492C-8BED-106774EA09F2}.Win Release|Any CPU.Build.0 = Release|Any CPU
		{3FAACC7E-D156-4599-B0D1-6177AD78E8B1}.AppStore|Any CPU.ActiveCfg = Debug|Any CPU
		{3FAACC7E-D156-4599-B0D1-6177AD78E8B1}.AppStore|Any CPU.Build.0 = Debug|Any CPU
		{3FAACC7E-D156-4599-B0D1-6177AD78E8B1}.Debug|Any CPU.ActiveCfg = Debug|Any CPU
		{3FAACC7E-D156-4599-B0D1-6177AD78E8B1}.Debug|Any CPU.Build.0 = Debug|Any CPU
		{3FAACC7E-D156-4599-B0D1-6177AD78E8B1}.Mac App Store|Any CPU.ActiveCfg = Release|Any CPU
		{3FAACC7E-D156-4599-B0D1-6177AD78E8B1}.Mac App Store|Any CPU.Build.0 = Release|Any CPU
		{3FAACC7E-D156-4599-B0D1-6177AD78E8B1}.Mac Debug|Any CPU.ActiveCfg = Debug|Any CPU
		{3FAACC7E-D156-4599-B0D1-6177AD78E8B1}.Mac Debug|Any CPU.Build.0 = Debug|Any CPU
		{3FAACC7E-D156-4599-B0D1-6177AD78E8B1}.Mac Developer|Any CPU.ActiveCfg = Release|Any CPU
		{3FAACC7E-D156-4599-B0D1-6177AD78E8B1}.Mac Developer|Any CPU.Build.0 = Release|Any CPU
		{3FAACC7E-D156-4599-B0D1-6177AD78E8B1}.Mac Release|Any CPU.ActiveCfg = Release|Any CPU
		{3FAACC7E-D156-4599-B0D1-6177AD78E8B1}.Mac Release|Any CPU.Build.0 = Release|Any CPU
		{3FAACC7E-D156-4599-B0D1-6177AD78E8B1}.Release|Any CPU.ActiveCfg = Release|Any CPU
		{3FAACC7E-D156-4599-B0D1-6177AD78E8B1}.Release|Any CPU.Build.0 = Release|Any CPU
		{3FAACC7E-D156-4599-B0D1-6177AD78E8B1}.Win Debug|Any CPU.ActiveCfg = Debug|Any CPU
		{3FAACC7E-D156-4599-B0D1-6177AD78E8B1}.Win Debug|Any CPU.Build.0 = Debug|Any CPU
		{3FAACC7E-D156-4599-B0D1-6177AD78E8B1}.Win Release|Any CPU.ActiveCfg = Release|Any CPU
		{3FAACC7E-D156-4599-B0D1-6177AD78E8B1}.Win Release|Any CPU.Build.0 = Release|Any CPU
		{543B2F90-CA56-11E3-9C1A-0800200C9A66}.AppStore|Any CPU.ActiveCfg = Debug|Any CPU
		{543B2F90-CA56-11E3-9C1A-0800200C9A66}.AppStore|Any CPU.Build.0 = Debug|Any CPU
		{543B2F90-CA56-11E3-9C1A-0800200C9A66}.Debug|Any CPU.ActiveCfg = Debug|Any CPU
		{543B2F90-CA56-11E3-9C1A-0800200C9A66}.Debug|Any CPU.Build.0 = Debug|Any CPU
		{543B2F90-CA56-11E3-9C1A-0800200C9A66}.Mac App Store|Any CPU.ActiveCfg = Debug|Any CPU
		{543B2F90-CA56-11E3-9C1A-0800200C9A66}.Mac App Store|Any CPU.Build.0 = Debug|Any CPU
		{543B2F90-CA56-11E3-9C1A-0800200C9A66}.Mac Debug|Any CPU.ActiveCfg = Debug|Any CPU
		{543B2F90-CA56-11E3-9C1A-0800200C9A66}.Mac Debug|Any CPU.Build.0 = Debug|Any CPU
		{543B2F90-CA56-11E3-9C1A-0800200C9A66}.Mac Developer|Any CPU.ActiveCfg = Debug|Any CPU
		{543B2F90-CA56-11E3-9C1A-0800200C9A66}.Mac Developer|Any CPU.Build.0 = Debug|Any CPU
		{543B2F90-CA56-11E3-9C1A-0800200C9A66}.Mac Release|Any CPU.ActiveCfg = Release|Any CPU
		{543B2F90-CA56-11E3-9C1A-0800200C9A66}.Mac Release|Any CPU.Build.0 = Release|Any CPU
		{543B2F90-CA56-11E3-9C1A-0800200C9A66}.Release|Any CPU.ActiveCfg = Release|Any CPU
		{543B2F90-CA56-11E3-9C1A-0800200C9A66}.Release|Any CPU.Build.0 = Release|Any CPU
		{543B2F90-CA56-11E3-9C1A-0800200C9A66}.Win Debug|Any CPU.ActiveCfg = Debug|Any CPU
		{543B2F90-CA56-11E3-9C1A-0800200C9A66}.Win Debug|Any CPU.Build.0 = Debug|Any CPU
		{543B2F90-CA56-11E3-9C1A-0800200C9A66}.Win Release|Any CPU.ActiveCfg = Release|Any CPU
		{543B2F90-CA56-11E3-9C1A-0800200C9A66}.Win Release|Any CPU.Build.0 = Release|Any CPU
		{63137FA0-CA55-11E3-9C1A-0800200C9A66}.AppStore|Any CPU.ActiveCfg = Release|Any CPU
		{63137FA0-CA55-11E3-9C1A-0800200C9A66}.AppStore|Any CPU.Build.0 = Release|Any CPU
		{63137FA0-CA55-11E3-9C1A-0800200C9A66}.Debug|Any CPU.ActiveCfg = Debug|Any CPU
		{63137FA0-CA55-11E3-9C1A-0800200C9A66}.Debug|Any CPU.Build.0 = Debug|Any CPU
		{63137FA0-CA55-11E3-9C1A-0800200C9A66}.Mac App Store|Any CPU.ActiveCfg = Release|Any CPU
		{63137FA0-CA55-11E3-9C1A-0800200C9A66}.Mac App Store|Any CPU.Build.0 = Release|Any CPU
		{63137FA0-CA55-11E3-9C1A-0800200C9A66}.Mac Debug|Any CPU.ActiveCfg = Debug|Any CPU
		{63137FA0-CA55-11E3-9C1A-0800200C9A66}.Mac Debug|Any CPU.Build.0 = Debug|Any CPU
		{63137FA0-CA55-11E3-9C1A-0800200C9A66}.Mac Developer|Any CPU.ActiveCfg = Release|Any CPU
		{63137FA0-CA55-11E3-9C1A-0800200C9A66}.Mac Developer|Any CPU.Build.0 = Release|Any CPU
		{63137FA0-CA55-11E3-9C1A-0800200C9A66}.Mac Release|Any CPU.ActiveCfg = Release|Any CPU
		{63137FA0-CA55-11E3-9C1A-0800200C9A66}.Mac Release|Any CPU.Build.0 = Release|Any CPU
		{63137FA0-CA55-11E3-9C1A-0800200C9A66}.Release|Any CPU.ActiveCfg = Release|Any CPU
		{63137FA0-CA55-11E3-9C1A-0800200C9A66}.Release|Any CPU.Build.0 = Release|Any CPU
		{63137FA0-CA55-11E3-9C1A-0800200C9A66}.Win Debug|Any CPU.ActiveCfg = Debug|Any CPU
		{63137FA0-CA55-11E3-9C1A-0800200C9A66}.Win Debug|Any CPU.Build.0 = Debug|Any CPU
		{63137FA0-CA55-11E3-9C1A-0800200C9A66}.Win Release|Any CPU.ActiveCfg = Release|Any CPU
		{63137FA0-CA55-11E3-9C1A-0800200C9A66}.Win Release|Any CPU.Build.0 = Release|Any CPU
		{80915A80-CA54-11E3-9C1A-0800200C9A66}.AppStore|Any CPU.ActiveCfg = Release|Any CPU
		{80915A80-CA54-11E3-9C1A-0800200C9A66}.AppStore|Any CPU.Build.0 = Release|Any CPU
		{80915A80-CA54-11E3-9C1A-0800200C9A66}.Debug|Any CPU.ActiveCfg = Debug|Any CPU
		{80915A80-CA54-11E3-9C1A-0800200C9A66}.Debug|Any CPU.Build.0 = Debug|Any CPU
		{80915A80-CA54-11E3-9C1A-0800200C9A66}.Mac App Store|Any CPU.ActiveCfg = Release|Any CPU
		{80915A80-CA54-11E3-9C1A-0800200C9A66}.Mac App Store|Any CPU.Build.0 = Release|Any CPU
		{80915A80-CA54-11E3-9C1A-0800200C9A66}.Mac Debug|Any CPU.ActiveCfg = Debug|Any CPU
		{80915A80-CA54-11E3-9C1A-0800200C9A66}.Mac Debug|Any CPU.Build.0 = Debug|Any CPU
		{80915A80-CA54-11E3-9C1A-0800200C9A66}.Mac Developer|Any CPU.ActiveCfg = Release|Any CPU
		{80915A80-CA54-11E3-9C1A-0800200C9A66}.Mac Developer|Any CPU.Build.0 = Release|Any CPU
		{80915A80-CA54-11E3-9C1A-0800200C9A66}.Mac Release|Any CPU.ActiveCfg = Release|Any CPU
		{80915A80-CA54-11E3-9C1A-0800200C9A66}.Mac Release|Any CPU.Build.0 = Release|Any CPU
		{80915A80-CA54-11E3-9C1A-0800200C9A66}.Release|Any CPU.ActiveCfg = Release|Any CPU
		{80915A80-CA54-11E3-9C1A-0800200C9A66}.Release|Any CPU.Build.0 = Release|Any CPU
		{80915A80-CA54-11E3-9C1A-0800200C9A66}.Win Debug|Any CPU.ActiveCfg = Debug|Any CPU
		{80915A80-CA54-11E3-9C1A-0800200C9A66}.Win Debug|Any CPU.Build.0 = Debug|Any CPU
		{80915A80-CA54-11E3-9C1A-0800200C9A66}.Win Release|Any CPU.ActiveCfg = Release|Any CPU
		{80915A80-CA54-11E3-9C1A-0800200C9A66}.Win Release|Any CPU.Build.0 = Release|Any CPU
		{90B2D03E-7B1D-4C1F-8ADB-664F980C2A32}.AppStore|Any CPU.ActiveCfg = Debug|Any CPU
		{90B2D03E-7B1D-4C1F-8ADB-664F980C2A32}.AppStore|Any CPU.Build.0 = Debug|Any CPU
		{90B2D03E-7B1D-4C1F-8ADB-664F980C2A32}.Debug|Any CPU.ActiveCfg = Debug|Any CPU
		{90B2D03E-7B1D-4C1F-8ADB-664F980C2A32}.Debug|Any CPU.Build.0 = Debug|Any CPU
		{90B2D03E-7B1D-4C1F-8ADB-664F980C2A32}.Mac App Store|Any CPU.ActiveCfg = Release-MAS|Any CPU
		{90B2D03E-7B1D-4C1F-8ADB-664F980C2A32}.Mac App Store|Any CPU.Build.0 = Release-MAS|Any CPU
		{90B2D03E-7B1D-4C1F-8ADB-664F980C2A32}.Mac Debug|Any CPU.ActiveCfg = Debug|Any CPU
		{90B2D03E-7B1D-4C1F-8ADB-664F980C2A32}.Mac Debug|Any CPU.Build.0 = Debug|Any CPU
		{90B2D03E-7B1D-4C1F-8ADB-664F980C2A32}.Mac Developer|Any CPU.ActiveCfg = Release|Any CPU
		{90B2D03E-7B1D-4C1F-8ADB-664F980C2A32}.Mac Developer|Any CPU.Build.0 = Release|Any CPU
		{90B2D03E-7B1D-4C1F-8ADB-664F980C2A32}.Mac Release|Any CPU.ActiveCfg = Release|Any CPU
		{90B2D03E-7B1D-4C1F-8ADB-664F980C2A32}.Mac Release|Any CPU.Build.0 = Release|Any CPU
		{90B2D03E-7B1D-4C1F-8ADB-664F980C2A32}.Release|Any CPU.ActiveCfg = Release|Any CPU
		{90B2D03E-7B1D-4C1F-8ADB-664F980C2A32}.Release|Any CPU.Build.0 = Release|Any CPU
		{90B2D03E-7B1D-4C1F-8ADB-664F980C2A32}.Win Debug|Any CPU.ActiveCfg = Debug|Any CPU
		{90B2D03E-7B1D-4C1F-8ADB-664F980C2A32}.Win Debug|Any CPU.Build.0 = Debug|Any CPU
		{90B2D03E-7B1D-4C1F-8ADB-664F980C2A32}.Win Release|Any CPU.ActiveCfg = Release|Any CPU
		{90B2D03E-7B1D-4C1F-8ADB-664F980C2A32}.Win Release|Any CPU.Build.0 = Release|Any CPU
		{9A72B697-8DA3-4A52-9E6B-05DEEEA23AD2}.AppStore|Any CPU.ActiveCfg = Release|Any CPU
		{9A72B697-8DA3-4A52-9E6B-05DEEEA23AD2}.AppStore|Any CPU.Build.0 = Release|Any CPU
		{9A72B697-8DA3-4A52-9E6B-05DEEEA23AD2}.Debug|Any CPU.ActiveCfg = Debug|Any CPU
		{9A72B697-8DA3-4A52-9E6B-05DEEEA23AD2}.Debug|Any CPU.Build.0 = Debug|Any CPU
		{9A72B697-8DA3-4A52-9E6B-05DEEEA23AD2}.Mac App Store|Any CPU.ActiveCfg = Release|Any CPU
		{9A72B697-8DA3-4A52-9E6B-05DEEEA23AD2}.Mac App Store|Any CPU.Build.0 = Release|Any CPU
		{9A72B697-8DA3-4A52-9E6B-05DEEEA23AD2}.Mac Debug|Any CPU.ActiveCfg = Debug|Any CPU
		{9A72B697-8DA3-4A52-9E6B-05DEEEA23AD2}.Mac Debug|Any CPU.Build.0 = Debug|Any CPU
		{9A72B697-8DA3-4A52-9E6B-05DEEEA23AD2}.Mac Developer|Any CPU.ActiveCfg = Release|Any CPU
		{9A72B697-8DA3-4A52-9E6B-05DEEEA23AD2}.Mac Developer|Any CPU.Build.0 = Release|Any CPU
		{9A72B697-8DA3-4A52-9E6B-05DEEEA23AD2}.Mac Release|Any CPU.ActiveCfg = Release|Any CPU
		{9A72B697-8DA3-4A52-9E6B-05DEEEA23AD2}.Mac Release|Any CPU.Build.0 = Release|Any CPU
		{9A72B697-8DA3-4A52-9E6B-05DEEEA23AD2}.Release|Any CPU.ActiveCfg = Release|Any CPU
		{9A72B697-8DA3-4A52-9E6B-05DEEEA23AD2}.Release|Any CPU.Build.0 = Release|Any CPU
		{9A72B697-8DA3-4A52-9E6B-05DEEEA23AD2}.Win Debug|Any CPU.ActiveCfg = Debug|Any CPU
		{9A72B697-8DA3-4A52-9E6B-05DEEEA23AD2}.Win Debug|Any CPU.Build.0 = Debug|Any CPU
		{9A72B697-8DA3-4A52-9E6B-05DEEEA23AD2}.Win Release|Any CPU.ActiveCfg = Release|Any CPU
		{9A72B697-8DA3-4A52-9E6B-05DEEEA23AD2}.Win Release|Any CPU.Build.0 = Release|Any CPU
		{9F51798A-354C-47A1-9207-4BB7D7FC7FC4}.AppStore|Any CPU.ActiveCfg = Release|Any CPU
		{9F51798A-354C-47A1-9207-4BB7D7FC7FC4}.AppStore|Any CPU.Build.0 = Release|Any CPU
		{9F51798A-354C-47A1-9207-4BB7D7FC7FC4}.Debug|Any CPU.ActiveCfg = Debug|Any CPU
		{9F51798A-354C-47A1-9207-4BB7D7FC7FC4}.Debug|Any CPU.Build.0 = Debug|Any CPU
		{9F51798A-354C-47A1-9207-4BB7D7FC7FC4}.Mac App Store|Any CPU.ActiveCfg = Release|Any CPU
		{9F51798A-354C-47A1-9207-4BB7D7FC7FC4}.Mac App Store|Any CPU.Build.0 = Release|Any CPU
		{9F51798A-354C-47A1-9207-4BB7D7FC7FC4}.Mac Debug|Any CPU.ActiveCfg = Debug|Any CPU
		{9F51798A-354C-47A1-9207-4BB7D7FC7FC4}.Mac Debug|Any CPU.Build.0 = Debug|Any CPU
		{9F51798A-354C-47A1-9207-4BB7D7FC7FC4}.Mac Developer|Any CPU.ActiveCfg = Release|Any CPU
		{9F51798A-354C-47A1-9207-4BB7D7FC7FC4}.Mac Developer|Any CPU.Build.0 = Release|Any CPU
		{9F51798A-354C-47A1-9207-4BB7D7FC7FC4}.Mac Release|Any CPU.ActiveCfg = Release|Any CPU
		{9F51798A-354C-47A1-9207-4BB7D7FC7FC4}.Mac Release|Any CPU.Build.0 = Release|Any CPU
		{9F51798A-354C-47A1-9207-4BB7D7FC7FC4}.Release|Any CPU.ActiveCfg = Release|Any CPU
		{9F51798A-354C-47A1-9207-4BB7D7FC7FC4}.Release|Any CPU.Build.0 = Release|Any CPU
		{9F51798A-354C-47A1-9207-4BB7D7FC7FC4}.Win Debug|Any CPU.ActiveCfg = Debug|Any CPU
		{9F51798A-354C-47A1-9207-4BB7D7FC7FC4}.Win Debug|Any CPU.Build.0 = Debug|Any CPU
		{9F51798A-354C-47A1-9207-4BB7D7FC7FC4}.Win Release|Any CPU.ActiveCfg = Release|Any CPU
		{9F51798A-354C-47A1-9207-4BB7D7FC7FC4}.Win Release|Any CPU.Build.0 = Release|Any CPU
		{BF405A10-C9EB-11E3-9C1A-0800200C9A66}.AppStore|Any CPU.ActiveCfg = Debug|Any CPU
		{BF405A10-C9EB-11E3-9C1A-0800200C9A66}.AppStore|Any CPU.Build.0 = Debug|Any CPU
		{BF405A10-C9EB-11E3-9C1A-0800200C9A66}.Debug|Any CPU.ActiveCfg = Debug|Any CPU
		{BF405A10-C9EB-11E3-9C1A-0800200C9A66}.Debug|Any CPU.Build.0 = Debug|Any CPU
		{BF405A10-C9EB-11E3-9C1A-0800200C9A66}.Mac App Store|Any CPU.ActiveCfg = Release|Any CPU
		{BF405A10-C9EB-11E3-9C1A-0800200C9A66}.Mac App Store|Any CPU.Build.0 = Release|Any CPU
		{BF405A10-C9EB-11E3-9C1A-0800200C9A66}.Mac Debug|Any CPU.ActiveCfg = Debug|Any CPU
		{BF405A10-C9EB-11E3-9C1A-0800200C9A66}.Mac Debug|Any CPU.Build.0 = Debug|Any CPU
		{BF405A10-C9EB-11E3-9C1A-0800200C9A66}.Mac Developer|Any CPU.ActiveCfg = Release|Any CPU
		{BF405A10-C9EB-11E3-9C1A-0800200C9A66}.Mac Developer|Any CPU.Build.0 = Release|Any CPU
		{BF405A10-C9EB-11E3-9C1A-0800200C9A66}.Mac Release|Any CPU.ActiveCfg = Release|Any CPU
		{BF405A10-C9EB-11E3-9C1A-0800200C9A66}.Mac Release|Any CPU.Build.0 = Release|Any CPU
		{BF405A10-C9EB-11E3-9C1A-0800200C9A66}.Release|Any CPU.ActiveCfg = Release|Any CPU
		{BF405A10-C9EB-11E3-9C1A-0800200C9A66}.Release|Any CPU.Build.0 = Release|Any CPU
		{BF405A10-C9EB-11E3-9C1A-0800200C9A66}.Win Debug|Any CPU.ActiveCfg = Debug|Any CPU
		{BF405A10-C9EB-11E3-9C1A-0800200C9A66}.Win Debug|Any CPU.Build.0 = Debug|Any CPU
		{BF405A10-C9EB-11E3-9C1A-0800200C9A66}.Win Release|Any CPU.ActiveCfg = Release|Any CPU
		{BF405A10-C9EB-11E3-9C1A-0800200C9A66}.Win Release|Any CPU.Build.0 = Release|Any CPU
		{F5D74163-145F-47BF-83DC-D0E07249C6CA}.AppStore|Any CPU.ActiveCfg = Debug|Any CPU
		{F5D74163-145F-47BF-83DC-D0E07249C6CA}.AppStore|Any CPU.Build.0 = Debug|Any CPU
		{F5D74163-145F-47BF-83DC-D0E07249C6CA}.Debug|Any CPU.ActiveCfg = Debug|Any CPU
		{F5D74163-145F-47BF-83DC-D0E07249C6CA}.Debug|Any CPU.Build.0 = Debug|Any CPU
		{F5D74163-145F-47BF-83DC-D0E07249C6CA}.Mac App Store|Any CPU.ActiveCfg = Release|Any CPU
		{F5D74163-145F-47BF-83DC-D0E07249C6CA}.Mac App Store|Any CPU.Build.0 = Release|Any CPU
		{F5D74163-145F-47BF-83DC-D0E07249C6CA}.Mac Debug|Any CPU.ActiveCfg = Debug|Any CPU
		{F5D74163-145F-47BF-83DC-D0E07249C6CA}.Mac Debug|Any CPU.Build.0 = Debug|Any CPU
		{F5D74163-145F-47BF-83DC-D0E07249C6CA}.Mac Developer|Any CPU.ActiveCfg = Release|Any CPU
		{F5D74163-145F-47BF-83DC-D0E07249C6CA}.Mac Developer|Any CPU.Build.0 = Release|Any CPU
		{F5D74163-145F-47BF-83DC-D0E07249C6CA}.Mac Release|Any CPU.ActiveCfg = Release|Any CPU
		{F5D74163-145F-47BF-83DC-D0E07249C6CA}.Mac Release|Any CPU.Build.0 = Release|Any CPU
		{F5D74163-145F-47BF-83DC-D0E07249C6CA}.Release|Any CPU.ActiveCfg = Release|Any CPU
		{F5D74163-145F-47BF-83DC-D0E07249C6CA}.Release|Any CPU.Build.0 = Release|Any CPU
		{F5D74163-145F-47BF-83DC-D0E07249C6CA}.Win Debug|Any CPU.ActiveCfg = Debug|Any CPU
		{F5D74163-145F-47BF-83DC-D0E07249C6CA}.Win Debug|Any CPU.Build.0 = Debug|Any CPU
		{F5D74163-145F-47BF-83DC-D0E07249C6CA}.Win Release|Any CPU.ActiveCfg = Release|Any CPU
		{F5D74163-145F-47BF-83DC-D0E07249C6CA}.Win Release|Any CPU.Build.0 = Release|Any CPU
		{49BA1C69-6104-41AC-A5D8-B54FA9F696E8}.AppStore|Any CPU.ActiveCfg = Debug|Any CPU
		{49BA1C69-6104-41AC-A5D8-B54FA9F696E8}.AppStore|Any CPU.Build.0 = Debug|Any CPU
		{49BA1C69-6104-41AC-A5D8-B54FA9F696E8}.Debug|Any CPU.ActiveCfg = Debug|Any CPU
		{49BA1C69-6104-41AC-A5D8-B54FA9F696E8}.Debug|Any CPU.Build.0 = Debug|Any CPU
		{49BA1C69-6104-41AC-A5D8-B54FA9F696E8}.Mac App Store|Any CPU.ActiveCfg = Release|Any CPU
		{49BA1C69-6104-41AC-A5D8-B54FA9F696E8}.Mac App Store|Any CPU.Build.0 = Release|Any CPU
		{49BA1C69-6104-41AC-A5D8-B54FA9F696E8}.Mac Debug|Any CPU.ActiveCfg = Debug|Any CPU
		{49BA1C69-6104-41AC-A5D8-B54FA9F696E8}.Mac Debug|Any CPU.Build.0 = Debug|Any CPU
		{49BA1C69-6104-41AC-A5D8-B54FA9F696E8}.Mac Developer|Any CPU.ActiveCfg = Release|Any CPU
		{49BA1C69-6104-41AC-A5D8-B54FA9F696E8}.Mac Developer|Any CPU.Build.0 = Release|Any CPU
		{49BA1C69-6104-41AC-A5D8-B54FA9F696E8}.Mac Release|Any CPU.ActiveCfg = Release|Any CPU
		{49BA1C69-6104-41AC-A5D8-B54FA9F696E8}.Mac Release|Any CPU.Build.0 = Release|Any CPU
		{49BA1C69-6104-41AC-A5D8-B54FA9F696E8}.Release|Any CPU.ActiveCfg = Release|Any CPU
		{49BA1C69-6104-41AC-A5D8-B54FA9F696E8}.Release|Any CPU.Build.0 = Release|Any CPU
		{49BA1C69-6104-41AC-A5D8-B54FA9F696E8}.Win Debug|Any CPU.ActiveCfg = Debug|Any CPU
		{49BA1C69-6104-41AC-A5D8-B54FA9F696E8}.Win Debug|Any CPU.Build.0 = Debug|Any CPU
		{49BA1C69-6104-41AC-A5D8-B54FA9F696E8}.Win Release|Any CPU.ActiveCfg = Release|Any CPU
		{49BA1C69-6104-41AC-A5D8-B54FA9F696E8}.Win Release|Any CPU.Build.0 = Release|Any CPU
		{856E8C70-2702-11E4-8C21-0800200C9A66}.AppStore|Any CPU.ActiveCfg = Debug|Any CPU
		{856E8C70-2702-11E4-8C21-0800200C9A66}.AppStore|Any CPU.Build.0 = Debug|Any CPU
		{856E8C70-2702-11E4-8C21-0800200C9A66}.Debug|Any CPU.ActiveCfg = Debug|Any CPU
		{856E8C70-2702-11E4-8C21-0800200C9A66}.Debug|Any CPU.Build.0 = Debug|Any CPU
		{856E8C70-2702-11E4-8C21-0800200C9A66}.Mac App Store|Any CPU.ActiveCfg = Release|Any CPU
		{856E8C70-2702-11E4-8C21-0800200C9A66}.Mac App Store|Any CPU.Build.0 = Release|Any CPU
		{856E8C70-2702-11E4-8C21-0800200C9A66}.Mac Debug|Any CPU.ActiveCfg = Debug|Any CPU
		{856E8C70-2702-11E4-8C21-0800200C9A66}.Mac Debug|Any CPU.Build.0 = Debug|Any CPU
		{856E8C70-2702-11E4-8C21-0800200C9A66}.Mac Developer|Any CPU.ActiveCfg = Release|Any CPU
		{856E8C70-2702-11E4-8C21-0800200C9A66}.Mac Developer|Any CPU.Build.0 = Release|Any CPU
		{856E8C70-2702-11E4-8C21-0800200C9A66}.Mac Release|Any CPU.ActiveCfg = Release|Any CPU
		{856E8C70-2702-11E4-8C21-0800200C9A66}.Mac Release|Any CPU.Build.0 = Release|Any CPU
		{856E8C70-2702-11E4-8C21-0800200C9A66}.Release|Any CPU.ActiveCfg = Release|Any CPU
		{856E8C70-2702-11E4-8C21-0800200C9A66}.Release|Any CPU.Build.0 = Release|Any CPU
		{856E8C70-2702-11E4-8C21-0800200C9A66}.Win Debug|Any CPU.ActiveCfg = Debug|Any CPU
		{856E8C70-2702-11E4-8C21-0800200C9A66}.Win Debug|Any CPU.Build.0 = Debug|Any CPU
		{856E8C70-2702-11E4-8C21-0800200C9A66}.Win Release|Any CPU.ActiveCfg = Release|Any CPU
		{856E8C70-2702-11E4-8C21-0800200C9A66}.Win Release|Any CPU.Build.0 = Release|Any CPU
	EndGlobalSection
	GlobalSection(NestedProjects) = preSolution
		{35EF0A4E-2A1A-492C-8BED-106774EA09F2} = {C8B59D00-6086-492E-9112-3DA8E5025FBB}
		{330EF9FD-5947-4AC9-9796-950C7633695F} = {C8B59D00-6086-492E-9112-3DA8E5025FBB}
		{80915A80-CA54-11E3-9C1A-0800200C9A66} = {C8B59D00-6086-492E-9112-3DA8E5025FBB}
		{543B2F90-CA56-11E3-9C1A-0800200C9A66} = {C8B59D00-6086-492E-9112-3DA8E5025FBB}
		{9F51798A-354C-47A1-9207-4BB7D7FC7FC4} = {C8B59D00-6086-492E-9112-3DA8E5025FBB}
		{63137FA0-CA55-11E3-9C1A-0800200C9A66} = {C8B59D00-6086-492E-9112-3DA8E5025FBB}
		{BF405A10-C9EB-11E3-9C1A-0800200C9A66} = {C8B59D00-6086-492E-9112-3DA8E5025FBB}
		{856E8C70-2702-11E4-8C21-0800200C9A66} = {C8B59D00-6086-492E-9112-3DA8E5025FBB}
	EndGlobalSection
	GlobalSection(MonoDevelopProperties) = preSolution
		Policies = $0
		$0.DotNetNamingPolicy = $1
		$1.DirectoryNamespaceAssociation = PrefixedHierarchical
		$1.ResourceNamePolicy = MSBuild
		$0.StandardHeader = $2
		$0.VersionControlPolicy = $3
		$0.ChangeLogPolicy = $4
		$4.UpdateMode = None
		$4.MessageStyle = $5
		$5.LineAlign = 0
		$4.inheritsSet = Mono
		$0.TextStylePolicy = $6
		version = 
	EndGlobalSection
	GlobalSection(SolutionProperties) = preSolution
		HideSolutionNode = FALSE
	EndGlobalSection
	GlobalSection(Performance) = preSolution
		HasPerformanceSessions = true
	EndGlobalSection
EndGlobal
