
Microsoft Visual Studio Solution File, Format Version 11.00
# Visual Studio 2010
Project("{FAE04EC0-301F-11D3-BF4B-00C04F79EFBC}") = "Eto - iOS", "..\Libraries\Eto\Source\Eto\Eto - iOS.csproj", "{83452633-C37C-490F-852A-3ADE0A2CF0D4}"
EndProject
Project("{FAE04EC0-301F-11D3-BF4B-00C04F79EFBC}") = "Eto.Platform.iOS", "..\Libraries\Eto\Source\Eto.Platform.iOS\Eto.Platform.iOS.csproj", "{E711B298-D141-4EC5-9BFD-84962B264F90}"
EndProject
Project("{FAE04EC0-301F-11D3-BF4B-00C04F79EFBC}") = "Pablo - iOS", "Pablo\Pablo - iOS.csproj", "{2D49CD9B-63D3-4808-8BB3-2262A6140701}"
EndProject
Project("{FAE04EC0-301F-11D3-BF4B-00C04F79EFBC}") = "Pablo.Mobile - iOS", "Pablo.Mobile\Pablo.Mobile - iOS.csproj", "{1B141E90-F0AA-41BC-882D-420F91B53035}"
EndProject
Project("{FAE04EC0-301F-11D3-BF4B-00C04F79EFBC}") = "PabloDraw - iOS", "PabloDraw.iOS\PabloDraw - iOS.csproj", "{F847A961-35B0-4098-BF22-321FC4CED6CD}"
EndProject
Project("{FAE04EC0-301F-11D3-BF4B-00C04F79EFBC}") = "Lidgren.Network - iOS", "Lidgren.Network\Lidgren.Network - iOS.csproj", "{AE483C29-042E-4226-BA52-D247CE7676DA}"
EndProject
Project("{FAE04EC0-301F-11D3-BF4B-00C04F79EFBC}") = "Mono.Nat - iOS", "Mono.Nat\Mono.Nat - iOS.csproj", "{F5D74163-145F-47BF-83DC-D0E07249C6CA}"
EndProject
Global
	GlobalSection(SolutionConfigurationPlatforms) = preSolution
		Release|Any CPU = Release|Any CPU
		Debug|Any CPU = Debug|Any CPU
		Debug|iPhoneSimulator = Debug|iPhoneSimulator
		Release|iPhoneSimulator = Release|iPhoneSimulator
		Debug|iPhone = Debug|iPhone
		Release|iPhone = Release|iPhone
		Release|x86 = Release|x86
		Debug|x86 = Debug|x86
	EndGlobalSection
	GlobalSection(ProjectConfigurationPlatforms) = postSolution
		{1B141E90-F0AA-41BC-882D-420F91B53035}.Debug|Any CPU.ActiveCfg = Debug|Any CPU
		{1B141E90-F0AA-41BC-882D-420F91B53035}.Debug|iPhone.ActiveCfg = Debug|Any CPU
		{1B141E90-F0AA-41BC-882D-420F91B53035}.Debug|iPhone.Build.0 = Debug|Any CPU
		{1B141E90-F0AA-41BC-882D-420F91B53035}.Debug|iPhoneSimulator.ActiveCfg = Debug|Any CPU
		{1B141E90-F0AA-41BC-882D-420F91B53035}.Debug|iPhoneSimulator.Build.0 = Debug|Any CPU
		{1B141E90-F0AA-41BC-882D-420F91B53035}.Release|Any CPU.ActiveCfg = Release|Any CPU
		{1B141E90-F0AA-41BC-882D-420F91B53035}.Release|iPhone.ActiveCfg = Release|Any CPU
		{1B141E90-F0AA-41BC-882D-420F91B53035}.Release|iPhone.Build.0 = Release|Any CPU
		{1B141E90-F0AA-41BC-882D-420F91B53035}.Release|iPhoneSimulator.ActiveCfg = Release|Any CPU
		{1B141E90-F0AA-41BC-882D-420F91B53035}.Release|iPhoneSimulator.Build.0 = Release|Any CPU
		{2D49CD9B-63D3-4808-8BB3-2262A6140701}.Debug|Any CPU.ActiveCfg = Debug|Any CPU
		{2D49CD9B-63D3-4808-8BB3-2262A6140701}.Debug|iPhone.ActiveCfg = Debug|Any CPU
		{2D49CD9B-63D3-4808-8BB3-2262A6140701}.Debug|iPhone.Build.0 = Debug|Any CPU
		{2D49CD9B-63D3-4808-8BB3-2262A6140701}.Debug|iPhoneSimulator.ActiveCfg = Debug|Any CPU
		{2D49CD9B-63D3-4808-8BB3-2262A6140701}.Debug|iPhoneSimulator.Build.0 = Debug|Any CPU
		{2D49CD9B-63D3-4808-8BB3-2262A6140701}.Release|Any CPU.ActiveCfg = Release|Any CPU
		{2D49CD9B-63D3-4808-8BB3-2262A6140701}.Release|iPhone.ActiveCfg = Release|Any CPU
		{2D49CD9B-63D3-4808-8BB3-2262A6140701}.Release|iPhone.Build.0 = Release|Any CPU
		{2D49CD9B-63D3-4808-8BB3-2262A6140701}.Release|iPhoneSimulator.ActiveCfg = Release|Any CPU
		{2D49CD9B-63D3-4808-8BB3-2262A6140701}.Release|iPhoneSimulator.Build.0 = Release|Any CPU
		{83452633-C37C-490F-852A-3ADE0A2CF0D4}.Debug|Any CPU.ActiveCfg = Debug|Any CPU
		{83452633-C37C-490F-852A-3ADE0A2CF0D4}.Debug|iPhone.ActiveCfg = Debug|Any CPU
		{83452633-C37C-490F-852A-3ADE0A2CF0D4}.Debug|iPhone.Build.0 = Debug|Any CPU
		{83452633-C37C-490F-852A-3ADE0A2CF0D4}.Debug|iPhoneSimulator.ActiveCfg = Debug|Any CPU
		{83452633-C37C-490F-852A-3ADE0A2CF0D4}.Debug|iPhoneSimulator.Build.0 = Debug|Any CPU
		{83452633-C37C-490F-852A-3ADE0A2CF0D4}.Release|Any CPU.ActiveCfg = Release|Any CPU
		{83452633-C37C-490F-852A-3ADE0A2CF0D4}.Release|iPhone.ActiveCfg = Release|Any CPU
		{83452633-C37C-490F-852A-3ADE0A2CF0D4}.Release|iPhone.Build.0 = Release|Any CPU
		{83452633-C37C-490F-852A-3ADE0A2CF0D4}.Release|iPhoneSimulator.ActiveCfg = Release|Any CPU
		{83452633-C37C-490F-852A-3ADE0A2CF0D4}.Release|iPhoneSimulator.Build.0 = Release|Any CPU
		{AE483C29-042E-4226-BA52-D247CE7676DA}.Debug|Any CPU.ActiveCfg = Debug|Any CPU
		{AE483C29-042E-4226-BA52-D247CE7676DA}.Debug|Any CPU.Build.0 = Debug|Any CPU
		{AE483C29-042E-4226-BA52-D247CE7676DA}.Debug|iPhone.ActiveCfg = Debug|Any CPU
		{AE483C29-042E-4226-BA52-D247CE7676DA}.Debug|iPhone.Build.0 = Debug|Any CPU
		{AE483C29-042E-4226-BA52-D247CE7676DA}.Debug|iPhoneSimulator.ActiveCfg = Debug|Any CPU
		{AE483C29-042E-4226-BA52-D247CE7676DA}.Debug|iPhoneSimulator.Build.0 = Debug|Any CPU
		{AE483C29-042E-4226-BA52-D247CE7676DA}.Debug|x86.ActiveCfg = Debug|Any CPU
		{AE483C29-042E-4226-BA52-D247CE7676DA}.Debug|x86.Build.0 = Debug|Any CPU
		{AE483C29-042E-4226-BA52-D247CE7676DA}.Release|Any CPU.ActiveCfg = Release|Any CPU
		{AE483C29-042E-4226-BA52-D247CE7676DA}.Release|Any CPU.Build.0 = Release|Any CPU
		{AE483C29-042E-4226-BA52-D247CE7676DA}.Release|iPhone.ActiveCfg = Release|Any CPU
		{AE483C29-042E-4226-BA52-D247CE7676DA}.Release|iPhone.Build.0 = Release|Any CPU
		{AE483C29-042E-4226-BA52-D247CE7676DA}.Release|iPhoneSimulator.ActiveCfg = Release|Any CPU
		{AE483C29-042E-4226-BA52-D247CE7676DA}.Release|iPhoneSimulator.Build.0 = Release|Any CPU
		{AE483C29-042E-4226-BA52-D247CE7676DA}.Release|x86.ActiveCfg = Release|Any CPU
		{AE483C29-042E-4226-BA52-D247CE7676DA}.Release|x86.Build.0 = Release|Any CPU
		{E711B298-D141-4EC5-9BFD-84962B264F90}.Debug|Any CPU.ActiveCfg = Debug|Any CPU
		{E711B298-D141-4EC5-9BFD-84962B264F90}.Debug|iPhone.ActiveCfg = Debug|Any CPU
		{E711B298-D141-4EC5-9BFD-84962B264F90}.Debug|iPhone.Build.0 = Debug|Any CPU
		{E711B298-D141-4EC5-9BFD-84962B264F90}.Debug|iPhoneSimulator.ActiveCfg = Debug|Any CPU
		{E711B298-D141-4EC5-9BFD-84962B264F90}.Debug|iPhoneSimulator.Build.0 = Debug|Any CPU
		{E711B298-D141-4EC5-9BFD-84962B264F90}.Release|Any CPU.ActiveCfg = Release|Any CPU
		{E711B298-D141-4EC5-9BFD-84962B264F90}.Release|iPhone.ActiveCfg = Release|Any CPU
		{E711B298-D141-4EC5-9BFD-84962B264F90}.Release|iPhone.Build.0 = Release|Any CPU
		{E711B298-D141-4EC5-9BFD-84962B264F90}.Release|iPhoneSimulator.ActiveCfg = Release|Any CPU
		{E711B298-D141-4EC5-9BFD-84962B264F90}.Release|iPhoneSimulator.Build.0 = Release|Any CPU
		{F5D74163-145F-47BF-83DC-D0E07249C6CA}.Debug|Any CPU.ActiveCfg = Debug|Any CPU
		{F5D74163-145F-47BF-83DC-D0E07249C6CA}.Debug|Any CPU.Build.0 = Debug|Any CPU
		{F5D74163-145F-47BF-83DC-D0E07249C6CA}.Debug|iPhone.ActiveCfg = Debug|Any CPU
		{F5D74163-145F-47BF-83DC-D0E07249C6CA}.Debug|iPhone.Build.0 = Debug|Any CPU
		{F5D74163-145F-47BF-83DC-D0E07249C6CA}.Debug|iPhoneSimulator.ActiveCfg = Debug|Any CPU
		{F5D74163-145F-47BF-83DC-D0E07249C6CA}.Debug|iPhoneSimulator.Build.0 = Debug|Any CPU
		{F5D74163-145F-47BF-83DC-D0E07249C6CA}.Debug|x86.ActiveCfg = Debug|Any CPU
		{F5D74163-145F-47BF-83DC-D0E07249C6CA}.Debug|x86.Build.0 = Debug|Any CPU
		{F5D74163-145F-47BF-83DC-D0E07249C6CA}.Release|Any CPU.ActiveCfg = Release|Any CPU
		{F5D74163-145F-47BF-83DC-D0E07249C6CA}.Release|Any CPU.Build.0 = Release|Any CPU
		{F5D74163-145F-47BF-83DC-D0E07249C6CA}.Release|iPhone.ActiveCfg = Release|Any CPU
		{F5D74163-145F-47BF-83DC-D0E07249C6CA}.Release|iPhone.Build.0 = Release|Any CPU
		{F5D74163-145F-47BF-83DC-D0E07249C6CA}.Release|iPhoneSimulator.ActiveCfg = Release|Any CPU
		{F5D74163-145F-47BF-83DC-D0E07249C6CA}.Release|iPhoneSimulator.Build.0 = Release|Any CPU
		{F5D74163-145F-47BF-83DC-D0E07249C6CA}.Release|x86.ActiveCfg = Release|Any CPU
		{F5D74163-145F-47BF-83DC-D0E07249C6CA}.Release|x86.Build.0 = Release|Any CPU
		{F847A961-35B0-4098-BF22-321FC4CED6CD}.Debug|Any CPU.ActiveCfg = Debug|iPhoneSimulator
		{F847A961-35B0-4098-BF22-321FC4CED6CD}.Debug|iPhone.ActiveCfg = Debug|iPhone
		{F847A961-35B0-4098-BF22-321FC4CED6CD}.Debug|iPhone.Build.0 = Debug|iPhone
		{F847A961-35B0-4098-BF22-321FC4CED6CD}.Debug|iPhoneSimulator.ActiveCfg = Debug|iPhoneSimulator
		{F847A961-35B0-4098-BF22-321FC4CED6CD}.Debug|iPhoneSimulator.Build.0 = Debug|iPhoneSimulator
		{F847A961-35B0-4098-BF22-321FC4CED6CD}.Release|Any CPU.ActiveCfg = Release|iPhoneSimulator
		{F847A961-35B0-4098-BF22-321FC4CED6CD}.Release|iPhone.ActiveCfg = Release|iPhone
		{F847A961-35B0-4098-BF22-321FC4CED6CD}.Release|iPhone.Build.0 = Release|iPhone
		{F847A961-35B0-4098-BF22-321FC4CED6CD}.Release|iPhoneSimulator.ActiveCfg = Release|iPhoneSimulator
		{F847A961-35B0-4098-BF22-321FC4CED6CD}.Release|iPhoneSimulator.Build.0 = Release|iPhoneSimulator
	EndGlobalSection
	GlobalSection(MonoDevelopProperties) = preSolution
		StartupItem = PabloDraw.iOS\PabloDraw - iOS.csproj
		Policies = $0
		$0.DotNetNamingPolicy = $1
		$1.DirectoryNamespaceAssociation = PrefixedHierarchical
		$1.ResourceNamePolicy = MSBuild
		$0.StandardHeader = $2
		$2.Text = 
		$2.IncludeInNewFiles = True
		$0.VersionControlPolicy = $3
		$3.inheritsSet = Mono
		$0.ChangeLogPolicy = $4
		$4.UpdateMode = None
		$4.MessageStyle = $5
		$5.LineAlign = 0
		$4.inheritsSet = Mono
		$0.TextStylePolicy = $6
		$6.inheritsSet = null
		$6.scope = text/x-csharp
		$0.CSharpFormattingPolicy = $7
		$7.IndentSwitchBody = True
		$7.AnonymousMethodBraceStyle = NextLine
		$7.PropertyBraceStyle = NextLine
		$7.PropertyGetBraceStyle = NextLine
		$7.PropertySetBraceStyle = NextLine
		$7.EventBraceStyle = NextLine
		$7.EventAddBraceStyle = NextLine
		$7.EventRemoveBraceStyle = NextLine
		$7.StatementBraceStyle = NextLine
		$7.ElseNewLinePlacement = NewLine
		$7.CatchNewLinePlacement = NewLine
		$7.FinallyNewLinePlacement = NewLine
		$7.WhileNewLinePlacement = DoNotCare
		$7.ArrayInitializerWrapping = DoNotChange
		$7.ArrayInitializerBraceStyle = NextLine
		$7.BeforeMethodDeclarationParentheses = False
		$7.BeforeMethodCallParentheses = False
		$7.BeforeConstructorDeclarationParentheses = False
		$7.BeforeDelegateDeclarationParentheses = False
		$7.NewParentheses = False
		$7.SpacesBeforeBrackets = False
		$7.inheritsSet = Mono
		$7.inheritsScope = text/x-csharp
		$7.scope = text/x-csharp
		$0.TextStylePolicy = $8
		$8.FileWidth = 120
		$8.TabsToSpaces = False
		$8.inheritsSet = VisualStudio
		$8.inheritsScope = text/plain
		$8.scope = text/plain
		$0.TextStylePolicy = $9
		$9.inheritsSet = null
		$9.scope = application/xml
		$0.XmlFormattingPolicy = $10
		$10.inheritsSet = Mono
		$10.inheritsScope = application/xml
		$10.scope = application/xml
		version = 
	EndGlobalSection
  GlobalSection(ProjectDependencies) = postSolution
    ({DE45EBC6-B4D3-4FA6-A190-2676E05303DA}).4 = ({4693F2CD-9A45-4821-8136-503D118F6647})
    ({DE45EBC6-B4D3-4FA6-A190-2676E05303DA}).5 = ({3FA6ADED-466C-4AFE-B366-63686C54DB3B})
    ({DE45EBC6-B4D3-4FA6-A190-2676E05303DA}).6 = ({35DBE6BB-B46D-4AE9-8156-FBFC6EC2BB69})
    ({9A72B697-8DA3-4A52-9E6B-05DEEEA23AD2}).2 = ({4693F2CD-9A45-4821-8136-503D118F6647})
    ({9A72B697-8DA3-4A52-9E6B-05DEEEA23AD2}).3 = ({1FF7BE58-A6A2-4132-8CAF-AA2EF18122A1})
    ({9A72B697-8DA3-4A52-9E6B-05DEEEA23AD2}).4 = ({3FA6ADED-466C-4AFE-B366-63686C54DB3B})
    ({9A72B697-8DA3-4A52-9E6B-05DEEEA23AD2}).5 = ({35DBE6BB-B46D-4AE9-8156-FBFC6EC2BB69})
    ({3FA6ADED-466C-4AFE-B366-63686C54DB3B}).5 = ({4693F2CD-9A45-4821-8136-503D118F6647})
    ({35DBE6BB-B46D-4AE9-8156-FBFC6EC2BB69}).4 = ({4693F2CD-9A45-4821-8136-503D118F6647})
    ({1FF7BE58-A6A2-4132-8CAF-AA2EF18122A1}).9 = ({4693F2CD-9A45-4821-8136-503D118F6647})
  EndGlobalSection
  GlobalSection(SolutionProperties) = preSolution
    HideSolutionNode = FALSE
  EndGlobalSection
EndGlobal
